{
    "_readme": [
        "This file locks the dependencies of your project to a known state",
        "Read more about it at https://getcomposer.org/doc/01-basic-usage.md#installing-dependencies",
        "This file is @generated automatically"
    ],
    "content-hash": "3bc51ccb5f51cd8ee768f02e18c35910",
    "packages": [
        {
            "name": "ifcastle/async-contracts",
            "version": "v0.5.0",
            "source": {
                "type": "git",
                "url": "https://github.com/EdmondDantes/async-contracts.git",
                "reference": "b4bd347b5a1ff55490b2715e9fec3db4853e0871"
            },
            "dist": {
                "type": "zip",
                "url": "https://api.github.com/repos/EdmondDantes/async-contracts/zipball/b4bd347b5a1ff55490b2715e9fec3db4853e0871",
                "reference": "b4bd347b5a1ff55490b2715e9fec3db4853e0871",
                "shasum": ""
            },
            "type": "library",
            "autoload": {
                "psr-4": {
                    "IfCastle\\Async\\": "src/"
                }
            },
            "notification-url": "https://packagist.org/downloads/",
            "license": [
                "MIT"
            ],
            "description": "Async contracts.",
            "keywords": [
                "async",
                "contracts"
            ],
            "support": {
                "issues": "https://github.com/EdmondDantes/async-contracts/issues",
                "source": "https://github.com/EdmondDantes/async-contracts/tree/v0.5.0"
            },
            "time": "2024-10-12T12:14:18+00:00"
        },
        {
            "name": "ifcastle/di",
            "version": "v0.6.8",
            "source": {
                "type": "git",
                "url": "https://github.com/EdmondDantes/di.git",
                "reference": "3d39047f9daeef64be17cb10f126a52606175ce4"
            },
            "dist": {
                "type": "zip",
                "url": "https://api.github.com/repos/EdmondDantes/di/zipball/3d39047f9daeef64be17cb10f126a52606175ce4",
                "reference": "3d39047f9daeef64be17cb10f126a52606175ce4",
                "shasum": ""
            },
            "require": {
                "php": ">=8.3"
            },
            "require-dev": {
                "phpunit/phpunit": "^11.2",
                "rector/rector": "^1.2"
            },
            "type": "library",
            "autoload": {
                "psr-4": {
                    "IfCastle\\DI\\": [
                        "src/"
                    ]
                }
            },
            "notification-url": "https://packagist.org/downloads/",
            "license": [
                "MIT"
            ],
            "authors": [
                {
                    "name": "Edmond Dantes",
                    "email": "edmondifthen@proton.me"
                }
            ],
            "description": "The dependency injection container",
            "keywords": [
                "container",
                "dependency injection",
                "di",
                "ioc"
            ],
            "support": {
                "issues": "https://github.com/EdmondDantes/di/issues",
                "source": "https://github.com/EdmondDantes/di/tree/v0.6.8"
            },
            "time": "2024-10-09T10:41:15+00:00"
        },
        {
            "name": "ifcastle/exceptions",
            "version": "v5.0.2",
            "source": {
                "type": "git",
                "url": "https://github.com/EdmondDantes/BaseException.git",
                "reference": "e5146a868a0df34b0f8befaf6cfa88f196d58434"
            },
            "dist": {
                "type": "zip",
                "url": "https://api.github.com/repos/EdmondDantes/BaseException/zipball/e5146a868a0df34b0f8befaf6cfa88f196d58434",
                "reference": "e5146a868a0df34b0f8befaf6cfa88f196d58434",
                "shasum": ""
            },
            "require": {
                "php": ">=8.3"
            },
            "require-dev": {
                "phpunit/phpunit": "^11.2",
                "rector/rector": "^1.2"
            },
            "type": "library",
            "autoload": {
                "psr-4": {
                    "IfCastle\\Exceptions\\": "src/"
                }
            },
            "notification-url": "https://packagist.org/downloads/",
            "license": [
                "MIT"
            ],
            "authors": [
                {
                    "name": "Edmond Dantes",
                    "email": "edmondifthen@proton.me"
                }
            ],
            "description": "A basic library for exceptions with templates, oriented towards usage in web services",
            "support": {
                "issues": "https://github.com/EdmondDantes/BaseException/issues",
                "source": "https://github.com/EdmondDantes/BaseException/tree/v5.0.2"
            },
            "time": "2024-09-08T08:11:08+00:00"
        },
        {
            "name": "league/uri-interfaces",
            "version": "7.4.1",
            "source": {
                "type": "git",
                "url": "https://github.com/thephpleague/uri-interfaces.git",
                "reference": "8d43ef5c841032c87e2de015972c06f3865ef718"
            },
            "dist": {
                "type": "zip",
                "url": "https://api.github.com/repos/thephpleague/uri-interfaces/zipball/8d43ef5c841032c87e2de015972c06f3865ef718",
                "reference": "8d43ef5c841032c87e2de015972c06f3865ef718",
                "shasum": ""
            },
            "require": {
                "ext-filter": "*",
                "php": "^8.1",
                "psr/http-factory": "^1",
                "psr/http-message": "^1.1 || ^2.0"
            },
            "suggest": {
                "ext-bcmath": "to improve IPV4 host parsing",
                "ext-gmp": "to improve IPV4 host parsing",
                "ext-intl": "to handle IDN host with the best performance",
                "php-64bit": "to improve IPV4 host parsing",
                "symfony/polyfill-intl-idn": "to handle IDN host via the Symfony polyfill if ext-intl is not present"
            },
            "type": "library",
            "extra": {
                "branch-alias": {
                    "dev-master": "7.x-dev"
                }
            },
            "autoload": {
                "psr-4": {
                    "League\\Uri\\": ""
                }
            },
            "notification-url": "https://packagist.org/downloads/",
            "license": [
                "MIT"
            ],
            "authors": [
                {
                    "name": "Ignace Nyamagana Butera",
                    "email": "nyamsprod@gmail.com",
                    "homepage": "https://nyamsprod.com"
                }
            ],
            "description": "Common interfaces and classes for URI representation and interaction",
            "homepage": "https://uri.thephpleague.com",
            "keywords": [
                "data-uri",
                "file-uri",
                "ftp",
                "hostname",
                "http",
                "https",
                "parse_str",
                "parse_url",
                "psr-7",
                "query-string",
                "querystring",
                "rfc3986",
                "rfc3987",
                "rfc6570",
                "uri",
                "url",
                "ws"
            ],
            "support": {
                "docs": "https://uri.thephpleague.com",
                "forum": "https://thephpleague.slack.com",
                "issues": "https://github.com/thephpleague/uri-src/issues",
                "source": "https://github.com/thephpleague/uri-interfaces/tree/7.4.1"
            },
            "funding": [
                {
                    "url": "https://github.com/sponsors/nyamsprod",
                    "type": "github"
                }
            ],
            "time": "2024-03-23T07:42:40+00:00"
        },
        {
            "name": "psr/http-factory",
            "version": "1.1.0",
            "source": {
                "type": "git",
                "url": "https://github.com/php-fig/http-factory.git",
                "reference": "2b4765fddfe3b508ac62f829e852b1501d3f6e8a"
            },
            "dist": {
                "type": "zip",
                "url": "https://api.github.com/repos/php-fig/http-factory/zipball/2b4765fddfe3b508ac62f829e852b1501d3f6e8a",
                "reference": "2b4765fddfe3b508ac62f829e852b1501d3f6e8a",
                "shasum": ""
            },
            "require": {
                "php": ">=7.1",
                "psr/http-message": "^1.0 || ^2.0"
            },
            "type": "library",
            "extra": {
                "branch-alias": {
                    "dev-master": "1.0.x-dev"
                }
            },
            "autoload": {
                "psr-4": {
                    "Psr\\Http\\Message\\": "src/"
                }
            },
            "notification-url": "https://packagist.org/downloads/",
            "license": [
                "MIT"
            ],
            "authors": [
                {
                    "name": "PHP-FIG",
                    "homepage": "https://www.php-fig.org/"
                }
            ],
            "description": "PSR-17: Common interfaces for PSR-7 HTTP message factories",
            "keywords": [
                "factory",
                "http",
                "message",
                "psr",
                "psr-17",
                "psr-7",
                "request",
                "response"
            ],
            "support": {
                "source": "https://github.com/php-fig/http-factory"
            },
            "time": "2024-04-15T12:06:14+00:00"
        },
        {
            "name": "psr/http-message",
            "version": "2.0",
            "source": {
                "type": "git",
                "url": "https://github.com/php-fig/http-message.git",
                "reference": "402d35bcb92c70c026d1a6a9883f06b2ead23d71"
            },
            "dist": {
                "type": "zip",
                "url": "https://api.github.com/repos/php-fig/http-message/zipball/402d35bcb92c70c026d1a6a9883f06b2ead23d71",
                "reference": "402d35bcb92c70c026d1a6a9883f06b2ead23d71",
                "shasum": ""
            },
            "require": {
                "php": "^7.2 || ^8.0"
            },
            "type": "library",
            "extra": {
                "branch-alias": {
                    "dev-master": "2.0.x-dev"
                }
            },
            "autoload": {
                "psr-4": {
                    "Psr\\Http\\Message\\": "src/"
                }
            },
            "notification-url": "https://packagist.org/downloads/",
            "license": [
                "MIT"
            ],
            "authors": [
                {
                    "name": "PHP-FIG",
                    "homepage": "https://www.php-fig.org/"
                }
            ],
            "description": "Common interface for HTTP messages",
            "homepage": "https://github.com/php-fig/http-message",
            "keywords": [
                "http",
                "http-message",
                "psr",
                "psr-7",
                "request",
                "response"
            ],
            "support": {
                "source": "https://github.com/php-fig/http-message/tree/2.0"
            },
            "time": "2023-04-04T09:54:51+00:00"
        }
    ],
    "packages-dev": [],
    "aliases": [],
    "minimum-stability": "stable",
    "stability-flags": [],
    "prefer-stable": false,
    "prefer-lowest": false,
    "platform": [],
    "platform-dev": [],
    "plugin-api-version": "2.3.0"
}
